
Microsoft Visual Studio Solution File, Format Version 12.00
# Visual Studio 15
VisualStudioVersion = 15.0.26403.3
MinimumVisualStudioVersion = 10.0.40219.1
Project("{2150E333-8FDC-42A3-9474-1A3956D46DE8}") = "src", "src", "{A17F4F44-6C2D-48C1-BA07-4710F3AB47BD}"
EndProject
Project("{2150E333-8FDC-42A3-9474-1A3956D46DE8}") = "Solution Items", "Solution Items", "{05CD7115-E965-48BA-A332-9205C0D21154}"
EndProject
Project("{9A19103F-16F7-4668-BE54-9A1E7A4F7556}") = "FoodAPICore", "src\FoodAPICore\FoodAPICore.csproj", "{E3DA9F29-3C55-4781-BF8C-384BF5276A8E}"
EndProject
Global
	GlobalSection(SolutionConfigurationPlatforms) = preSolution
		Debug|Any CPU = Debug|Any CPU
		Release|Any CPU = Release|Any CPU
	EndGlobalSection
	GlobalSection(ProjectConfigurationPlatforms) = postSolution
		{E3DA9F29-3C55-4781-BF8C-384BF5276A8E}.Debug|Any CPU.ActiveCfg = Debug|Any CPU
		{E3DA9F29-3C55-4781-BF8C-384BF5276A8E}.Debug|Any CPU.Build.0 = Debug|Any CPU
		{E3DA9F29-3C55-4781-BF8C-384BF5276A8E}.Release|Any CPU.ActiveCfg = Release|Any CPU
		{E3DA9F29-3C55-4781-BF8C-384BF5276A8E}.Release|Any CPU.Build.0 = Release|Any CPU
	EndGlobalSection
	GlobalSection(SolutionProperties) = preSolution
		HideSolutionNode = FALSE
	EndGlobalSection
	GlobalSection(NestedProjects) = preSolution
		{E3DA9F29-3C55-4781-BF8C-384BF5276A8E} = {A17F4F44-6C2D-48C1-BA07-4710F3AB47BD}
	EndGlobalSection
EndGlobal
